# THIS IS AN AUTOGENERATED FILE. DO NOT EDIT THIS FILE DIRECTLY.
# yarn lockfile v1


"@pdf-lib/standard-fonts@^0.0.4":
  version "0.0.4"
  resolved "https://registry.yarnpkg.com/@pdf-lib/standard-fonts/-/standard-fonts-0.0.4.tgz#49fffa97fe1a5fff9b8b60fd9decf79b10bd0982"
  integrity sha512-2pg8hXnChVAF6aSFraXtwB0cx/AgE15FvuLJbdPJSq9LYp1xMp0lapH4+t1HsdD9cA05rnWYLqlEBwS4YK1jLg==
  dependencies:
    base64-arraybuffer "^0.1.5"
    pako "^1.0.6"

"@pdf-lib/upng@^1.0.1":
  version "1.0.1"
  resolved "https://registry.yarnpkg.com/@pdf-lib/upng/-/upng-1.0.1.tgz#7dc9c636271aca007a9df4deaf2dd7e7960280cb"
  integrity sha512-dQK2FUMQtowVP00mtIksrlZhdFXQZPC+taih1q4CvPZ5vqdxR/LKBaFg0oAfzd1GlHZXXSPdQfzQnt+ViGvEIQ==
  dependencies:
    pako "^1.0.10"

"@types/adm-zip@^0.4.33":
  version "0.4.33"
  resolved "https://registry.yarnpkg.com/@types/adm-zip/-/adm-zip-0.4.33.tgz#ea5b94f771443f655613b64f920c0555867200dd"
  integrity sha512-WM0DCWFLjXtddl0fu0+iN2ZF+qz8RF9RddG5OSy/S90AQz01Fu8lHn/3oTIZDxvG8gVcnBLAHMHOdBLbV6m6Mw==
  dependencies:
    "@types/node" "*"

"@types/dom-parser@^0.1.0":
  version "0.1.0"
  resolved "https://registry.yarnpkg.com/@types/dom-parser/-/dom-parser-0.1.0.tgz#b5acc41dc5bc0b1badf29fe64e576d9a14e8f800"
  integrity sha512-wDxPJh+1RlXfMDF1Z0pToQk447nyqvHMiGI1A2N+AubDIJSG7xj+IO8gqvKEpmpTuoPfyPk1eg2OyKeKyyFYNw==

"@types/glob@*":
  version "7.1.3"
  resolved "https://registry.yarnpkg.com/@types/glob/-/glob-7.1.3.tgz#e6ba80f36b7daad2c685acd9266382e68985c183"
  integrity sha512-SEYeGAIQIQX8NN6LDKprLjbrd5dARM5EXsd8GI/A5l0apYI1fGMWgPHSe4ZKL4eozlAyI+doUE9XbYS4xCkQ1w==
  dependencies:
    "@types/minimatch" "*"
    "@types/node" "*"

"@types/minimatch@*":
  version "3.0.3"
  resolved "https://registry.yarnpkg.com/@types/minimatch/-/minimatch-3.0.3.tgz#3dca0e3f33b200fc7d1139c0cd96c1268cadfd9d"
  integrity sha512-tHq6qdbT9U1IRSGf14CL0pUlULksvY9OZ+5eEgl1N7t+OA3tGvNpxJCzuKQlsNgCVwbAs670L1vcVQi8j9HjnA==

"@types/ncp@^2.0.4":
  version "2.0.4"
  resolved "https://registry.yarnpkg.com/@types/ncp/-/ncp-2.0.4.tgz#16c9e7fa2c849d429a1b142648987164b06bf490"
  integrity sha512-erpimpT1pH8QfeNg77ypnjwz6CGMqrnL4DewVbqFzD9FXzSULjmG3KzjZnLNe7bzTSZm2W9DpkHyqop1g1KmgQ==
  dependencies:
    "@types/node" "*"

"@types/node@*":
  version "14.0.26"
  resolved "https://registry.yarnpkg.com/@types/node/-/node-14.0.26.tgz#22a3b8a46510da8944b67bfc27df02c34a35331c"
  integrity sha512-W+fpe5s91FBGE0pEa0lnqGLL4USgpLgs4nokw16SrBBco/gQxuua7KnArSEOd5iaMqbbSHV10vUDkJYJJqpXKA==

"@types/node@^12.0.0":
  version "12.12.53"
  resolved "https://registry.yarnpkg.com/@types/node/-/node-12.12.53.tgz#be0d375933c3d15ef2380dafb3b0350ea7021129"
  integrity sha512-51MYTDTyCziHb70wtGNFRwB4l+5JNvdqzFSkbDvpbftEgVUBEE+T5f7pROhWMp/fxp07oNIEQZd5bbfAH22ohQ==

"@types/rimraf@*", "@types/rimraf@^3.0.0":
  version "3.0.0"
  resolved "https://registry.yarnpkg.com/@types/rimraf/-/rimraf-3.0.0.tgz#b9d03f090ece263671898d57bb7bb007023ac19f"
  integrity sha512-7WhJ0MdpFgYQPXlF4Dx+DhgvlPCfz/x5mHaeDQAKhcenvQP1KCpLQ18JklAqeGMYSAT2PxLpzd0g2/HE7fj7hQ==
  dependencies:
    "@types/glob" "*"
    "@types/node" "*"

"@types/rmfr@^2.0.0":
  version "2.0.0"
  resolved "https://registry.yarnpkg.com/@types/rmfr/-/rmfr-2.0.0.tgz#38236d832291c5c14a43f972d9aa8b25bf0f81f4"
  integrity sha512-gDyAn7J4d9kIFHtnNWy8J9hI3W6810brUCukkBxAS0UyMnAv9vMeFqx66WJHMPZwW6h7Sl4/njhQBxOTIosoxA==
  dependencies:
    "@types/rimraf" "*"

"@types/string-similarity@^3.0.0":
  version "3.0.0"
  resolved "https://registry.yarnpkg.com/@types/string-similarity/-/string-similarity-3.0.0.tgz#12b655f1aab0156049657a4e9287caf3e6718d93"
  integrity sha512-vhHkPKxl0cudrbxr5Dog1HVgUGXtmyYP95qy1da/h5gFEzIqDMN/+SjJAS7/6DEAdeI+AJQX8zrdWXL3wP4FRA==

adler-32@~1.2.0:
  version "1.2.0"
  resolved "https://registry.yarnpkg.com/adler-32/-/adler-32-1.2.0.tgz#6a3e6bf0a63900ba15652808cb15c6813d1a5f25"
  integrity sha1-aj5r8KY5ALoVZSgIyxXGgT0aXyU=
  dependencies:
    exit-on-epipe "~1.0.1"
    printj "~1.1.0"

adm-zip@^0.4.16:
  version "0.4.16"
  resolved "https://registry.yarnpkg.com/adm-zip/-/adm-zip-0.4.16.tgz#cf4c508fdffab02c269cbc7f471a875f05570365"
  integrity sha512-TFi4HBKSGfIKsK5YCkKaaFG2m4PEDyViZmEwof3MTIgzimHLto6muaHVpbrljdIvIrFZzEq/p4nafOeLcYegrg==

append-type@^1.0.1:
  version "1.0.2"
  resolved "https://registry.yarnpkg.com/append-type/-/append-type-1.0.2.tgz#a492f350e81ddcb46b787fc605becf6dd8bccbf6"
  integrity sha512-hac740vT/SAbrFBLgLIWZqVT5PUAcGTWS5UkDDhr+OCizZSw90WKw6sWAEgGaYd2viIblggypMXwpjzHXOvAQg==

arg@^4.1.0:
  version "4.1.3"
  resolved "https://registry.yarnpkg.com/arg/-/arg-4.1.3.tgz#269fc7ad5b8e42cb63c896d5666017261c144089"
  integrity sha512-58S9QDqG0Xx27YwPSt9fJxivjYl432YCwfDMfZ+71RAqUrZef7LrKQZ3LHLOwCS4FLNBplP533Zx895SeOCHvA==

array-to-sentence@^1.1.0:
  version "1.1.0"
  resolved "https://registry.yarnpkg.com/array-to-sentence/-/array-to-sentence-1.1.0.tgz#c804956dafa53232495b205a9452753a258d39fc"
  integrity sha1-yASVba+lMjJJWyBalFJ1OiWNOfw=

assert-valid-glob-opts@^1.0.0:
  version "1.0.0"
  resolved "https://registry.yarnpkg.com/assert-valid-glob-opts/-/assert-valid-glob-opts-1.0.0.tgz#ab9b5438ec5e929f5bb08201819affb1227f730a"
  integrity sha512-/mttty5Xh7wE4o7ttKaUpBJl0l04xWe3y6muy1j27gyzSsnceK0AYU9owPtUoL9z8+9hnPxztmuhdFZ7jRoyWw==
  dependencies:
    glob-option-error "^1.0.0"
    validate-glob-opts "^1.0.0"

balanced-match@^1.0.0:
  version "1.0.0"
  resolved "https://registry.yarnpkg.com/balanced-match/-/balanced-match-1.0.0.tgz#89b4d199ab2bee49de164ea02b89ce462d71b767"
  integrity sha1-ibTRmasr7kneFk6gK4nORi1xt2c=

base64-arraybuffer@^0.1.5:
  version "0.1.5"
  resolved "https://registry.yarnpkg.com/base64-arraybuffer/-/base64-arraybuffer-0.1.5.tgz#73926771923b5a19747ad666aa5cd4bf9c6e9ce8"
  integrity sha1-c5JncZI7Whl0etZmqlzUv5xunOg=

brace-expansion@^1.1.7:
  version "1.1.11"
  resolved "https://registry.yarnpkg.com/brace-expansion/-/brace-expansion-1.1.11.tgz#3c7fcbf529d87226f3d2f52b966ff5271eb441dd"
  integrity sha512-iCuPHDFgrHX7H2vEI/5xpz07zSHB00TpugqhmYtVmMO6518mCuRMoOYFldEBl0g187ufozdaHgWKcYFb61qGiA==
  dependencies:
    balanced-match "^1.0.0"
    concat-map "0.0.1"

buffer-from@^1.0.0:
  version "1.1.1"
  resolved "https://registry.yarnpkg.com/buffer-from/-/buffer-from-1.1.1.tgz#32713bc028f75c02fdb710d7c7bcec1f2c6070ef"
  integrity sha512-MQcXEUbCKtEo7bhqEs6560Hyd4XaovZlO/k9V3hjVUF/zwW7KBVdSK4gIt/bzwS9MbR5qob+F5jusZsb0YQK2A==

cfb@^1.1.4:
  version "1.2.0"
  resolved "https://registry.yarnpkg.com/cfb/-/cfb-1.2.0.tgz#6a4d0872b525ed60349e1ef51fb4b0bf73eca9a8"
  integrity sha512-sXMvHsKCICVR3Naq+J556K+ExBo9n50iKl6LGarlnvuA2035uMlGA/qVrc0wQtow5P1vJEw9UyrKLCbtIKz+TQ==
  dependencies:
    adler-32 "~1.2.0"
    crc-32 "~1.2.0"
    printj "~1.1.2"

codepage@~1.14.0:
  version "1.14.0"
  resolved "https://registry.yarnpkg.com/codepage/-/codepage-1.14.0.tgz#8cbe25481323559d7d307571b0fff91e7a1d2f99"
  integrity sha1-jL4lSBMjVZ19MHVxsP/5HnodL5k=
  dependencies:
    commander "~2.14.1"
    exit-on-epipe "~1.0.1"

commander@~2.14.1:
  version "2.14.1"
  resolved "https://registry.yarnpkg.com/commander/-/commander-2.14.1.tgz#2235123e37af8ca3c65df45b026dbd357b01b9aa"
  integrity sha512-+YR16o3rK53SmWHU3rEM3tPAh2rwb1yPcQX5irVn7mb0gXbwuCCrnkbV5+PBfETdfg1vui07nM6PCG1zndcjQw==

commander@~2.17.1:
  version "2.17.1"
  resolved "https://registry.yarnpkg.com/commander/-/commander-2.17.1.tgz#bd77ab7de6de94205ceacc72f1716d29f20a77bf"
  integrity sha512-wPMUt6FnH2yzG95SA6mzjQOEKUU3aLaDEmzs1ti+1E9h+CsrZghRlqEM/EJ4KscsQVG8uNN4uVreUeT8+drlgg==

concat-map@0.0.1:
  version "0.0.1"
  resolved "https://registry.yarnpkg.com/concat-map/-/concat-map-0.0.1.tgz#d8a96bd77fd68df7793a73036a3ba0d5405d477b"
  integrity sha1-2Klr13/Wjfd5OnMDajug1UBdR3s=

crc-32@~1.2.0:
  version "1.2.0"
  resolved "https://registry.yarnpkg.com/crc-32/-/crc-32-1.2.0.tgz#cb2db6e29b88508e32d9dd0ec1693e7b41a18208"
  integrity sha512-1uBwHxF+Y/4yF5G48fwnKq6QsIXheor3ZLPT80yGBV1oEUwpPojlEhQbWKVw1VwcTQyMGHK1/XMmTjmlsmTTGA==
  dependencies:
    exit-on-epipe "~1.0.1"
    printj "~1.1.0"

diff@^4.0.1:
  version "4.0.2"
  resolved "https://registry.yarnpkg.com/diff/-/diff-4.0.2.tgz#60f3aecb89d5fae520c11aa19efc2bb982aade7d"
  integrity sha512-58lmxKSA4BNyLz+HHMUzlOEpg09FV+ev6ZMe3vJihgdxzgcwZ8VoEEPmALCZG9LmqfVoNMMKpttIYTVG6uDY7A==

dom-parser@^0.1.6:
  version "0.1.6"
  resolved "https://registry.yarnpkg.com/dom-parser/-/dom-parser-0.1.6.tgz#696c633b535ab3291424eb5bf58ee426f64632ca"
  integrity sha512-3nVRKbLEwmGfghLoeT1dxlK/0votalnOfasP+8VCHYDfDuCETY4LeMblfOeqww6XZk2ymZ1Uewy/hVad6Dy3yw==

exit-on-epipe@~1.0.1:
  version "1.0.1"
  resolved "https://registry.yarnpkg.com/exit-on-epipe/-/exit-on-epipe-1.0.1.tgz#0bdd92e87d5285d267daa8171d0eb06159689692"
  integrity sha512-h2z5mrROTxce56S+pnvAV890uu7ls7f1kEvVGJbw1OlFH3/mlJ5bkXu0KRyW94v37zzHPiUd55iLn3DA7TjWpw==

fast-xml-parser@3.17.4:
  version "3.17.4"
  resolved "https://registry.yarnpkg.com/fast-xml-parser/-/fast-xml-parser-3.17.4.tgz#d668495fb3e4bbcf7970f3c24ac0019d82e76477"
  integrity sha512-qudnQuyYBgnvzf5Lj/yxMcf4L9NcVWihXJg7CiU1L+oUCq8MUnFEfH2/nXR/W5uq+yvUN1h7z6s7vs2v1WkL1A==

fflate@^0.3.8:
  version "0.3.11"
  resolved "https://registry.yarnpkg.com/fflate/-/fflate-0.3.11.tgz#2c440d7180fdeb819e64898d8858af327b042a5d"
  integrity sha512-Rr5QlUeGN1mbOHlaqcSYMKVpPbgLy0AWT/W0EHxA6NGI12yO1jpoui2zBBvU2G824ltM6Ut8BFgfHSBGfkmS0A==

frac@~1.1.2:
  version "1.1.2"
  resolved "https://registry.yarnpkg.com/frac/-/frac-1.1.2.tgz#3d74f7f6478c88a1b5020306d747dc6313c74d0b"
  integrity sha512-w/XBfkibaTl3YDqASwfDUqkna4Z2p9cFSr1aHDt0WoMTECnRfBOv2WArlZILlqgWlmdIlALXGpM2AOhEk5W3IA==

fs.realpath@^1.0.0:
  version "1.0.0"
  resolved "https://registry.yarnpkg.com/fs.realpath/-/fs.realpath-1.0.0.tgz#1504ad2523158caa40db4a2787cb01411994ea4f"
  integrity sha1-FQStJSMVjKpA20onh8sBQRmU6k8=

glob-option-error@^1.0.0:
  version "1.0.0"
  resolved "https://registry.yarnpkg.com/glob-option-error/-/glob-option-error-1.0.0.tgz#57cc65def9c7d5c1461baf13129bb5403cff6176"
  integrity sha1-V8xl3vnH1cFGG68TEpu1QDz/YXY=

glob@^7.1.2, glob@^7.1.3:
  version "7.1.6"
  resolved "https://registry.yarnpkg.com/glob/-/glob-7.1.6.tgz#141f33b81a7c2492e125594307480c46679278a6"
  integrity sha512-LwaxwyZ72Lk7vZINtNNrywX0ZuLyStrdDtabefZKAY5ZGJhVtgdznluResxNmPitE0SAO+O26sWTHeKSI2wMBA==
  dependencies:
    fs.realpath "^1.0.0"
    inflight "^1.0.4"
    inherits "2"
    minimatch "^3.0.4"
    once "^1.3.0"
    path-is-absolute "^1.0.0"

graceful-fs@^4.1.11:
  version "4.2.4"
  resolved "https://registry.yarnpkg.com/graceful-fs/-/graceful-fs-4.2.4.tgz#2256bde14d3632958c465ebc96dc467ca07a29fb"
  integrity sha512-WjKPNJF79dtJAVniUlGGWHYGz2jWxT6VhN/4m1NdkbZ2nOsEF+cI1Edgql5zCRhs/VsQYRvrXctxktVXZUkixw==

html-entities@^1.3.1:
  version "1.3.1"
  resolved "https://registry.yarnpkg.com/html-entities/-/html-entities-1.3.1.tgz#fb9a1a4b5b14c5daba82d3e34c6ae4fe701a0e44"
  integrity sha512-rhE/4Z3hIhzHAUKbW8jVcCyuT5oJCXXqhN/6mXXVCpzTmvJnoH2HL/bt3EZ6p55jbFJBeAe1ZNpL5BugLujxNA==

indexed-filter@^1.0.0:
  version "1.0.3"
  resolved "https://registry.yarnpkg.com/indexed-filter/-/indexed-filter-1.0.3.tgz#7911439191cac588188464640a8db4f6b324973d"
  integrity sha512-oBIzs6EARNMzrLgVg20fK52H19WcRHBiukiiEkw9rnnI//8rinEBMLrYdwEfJ9d4K7bjV1L6nSGft6H/qzHNgQ==
  dependencies:
    append-type "^1.0.1"

inflight@^1.0.4:
  version "1.0.6"
  resolved "https://registry.yarnpkg.com/inflight/-/inflight-1.0.6.tgz#49bd6331d7d02d0c09bc910a1075ba8165b56df9"
  integrity sha1-Sb1jMdfQLQwJvJEKEHW6gWW1bfk=
  dependencies:
    once "^1.3.0"
    wrappy "1"

inherits@2:
  version "2.0.4"
  resolved "https://registry.yarnpkg.com/inherits/-/inherits-2.0.4.tgz#0fa2c64f932917c3433a0ded55363aae37416b7c"
  integrity sha512-k/vGaX4/Yla3WzyMCvTQOXYeIHvqOKtnqBduzTHpzpQZzAskKMhZ2K+EnBiSM9zGSoIFeMpXKxa4dYeZIQqewQ==

inspect-with-kind@^1.0.4:
  version "1.0.5"
  resolved "https://registry.yarnpkg.com/inspect-with-kind/-/inspect-with-kind-1.0.5.tgz#fce151d4ce89722c82ca8e9860bb96f9167c316c"
  integrity sha512-MAQUJuIo7Xqk8EVNP+6d3CKq9c80hi4tjIbIAT6lmGW9W6WzlHiu9PS8uSuUYU+Do+j1baiFp3H25XEVxDIG2g==
  dependencies:
    kind-of "^6.0.2"

is-plain-obj@^1.1.0:
  version "1.1.0"
  resolved "https://registry.yarnpkg.com/is-plain-obj/-/is-plain-obj-1.1.0.tgz#71a50c8429dfca773c92a390a4a03b39fcd51d3e"
  integrity sha1-caUMhCnfync8kqOQpKA7OfzVHT4=

kind-of@^6.0.2:
  version "6.0.3"
  resolved "https://registry.yarnpkg.com/kind-of/-/kind-of-6.0.3.tgz#07c05034a6c349fa06e24fa35aa76db4580ce4dd"
  integrity sha512-dcS1ul+9tmeD95T+x28/ehLgd9mENa3LsvDTtzm3vyBEO7RPptvAD+t44WVXaUjTBRcrpFeFlC8WCruUR456hw==

make-error@^1.1.1:
  version "1.3.6"
  resolved "https://registry.yarnpkg.com/make-error/-/make-error-1.3.6.tgz#2eb2e37ea9b67c4891f684a1394799af484cf7a2"
  integrity sha512-s8UhlNe7vPKomQhC1qFelMokr/Sc3AgNbso3n74mVPA5LTZwkB9NlXf4XPamLxJE8h0gh73rM94xvwRT2CVInw==

minimatch@^3.0.4:
  version "3.0.4"
  resolved "https://registry.yarnpkg.com/minimatch/-/minimatch-3.0.4.tgz#5166e286457f03306064be5497e8dbb0c3d32083"
  integrity sha512-yJHVQEhyqPLUTgt9B83PXu6W3rx4MvvHvSUvToogpwoGDOUQ+yDrR0HRot+yOCdCO7u4hX3pWft6kWBBcqh0UA==
  dependencies:
    brace-expansion "^1.1.7"

ncp@^2.0.0:
  version "2.0.0"
  resolved "https://registry.yarnpkg.com/ncp/-/ncp-2.0.0.tgz#195a21d6c46e361d2fb1281ba38b91e9df7bdbb3"
  integrity sha1-GVoh1sRuNh0vsSgbo4uR6d9727M=

once@^1.3.0:
  version "1.4.0"
  resolved "https://registry.yarnpkg.com/once/-/once-1.4.0.tgz#583b1aa775961d4b113ac17d9c50baef9dd76bd1"
  integrity sha1-WDsap3WWHUsROsF9nFC6753Xa9E=
  dependencies:
    wrappy "1"

pako@^1.0.10, pako@^1.0.11, pako@^1.0.6:
  version "1.0.11"
  resolved "https://registry.yarnpkg.com/pako/-/pako-1.0.11.tgz#6c9599d340d54dfd3946380252a35705a6b992bf"
  integrity sha512-4hLB8Py4zZce5s4yd9XzopqwVv/yGNhV1Bl8NTmCq1763HeK2+EwVTv+leGeL13Dnh2wfbqowVPXCIO0z4taYw==

path-is-absolute@^1.0.0:
  version "1.0.1"
  resolved "https://registry.yarnpkg.com/path-is-absolute/-/path-is-absolute-1.0.1.tgz#174b9268735534ffbc7ace6bf53a5a9e1b5c5f5f"
  integrity sha1-F0uSaHNVNP+8es5r9TpanhtcX18=

pdf-lib@^1.9.0:
  version "1.9.0"
  resolved "https://registry.yarnpkg.com/pdf-lib/-/pdf-lib-1.9.0.tgz#315fdf6247553e85386fa92b9fefbded7dd53d85"
  integrity sha512-CO0vkvnkqLGY9vC4cosHcoOR7PMsFC4Dkf29sQm5J894sphy9ZxO/vbccZfQcBqTROAp+aY7TD9bh1T1EY/52Q==
  dependencies:
    "@pdf-lib/standard-fonts" "^0.0.4"
    "@pdf-lib/upng" "^1.0.1"
    pako "^1.0.11"
    tslib "^1.11.1"

printj@~1.1.0, printj@~1.1.2:
  version "1.1.2"
  resolved "https://registry.yarnpkg.com/printj/-/printj-1.1.2.tgz#d90deb2975a8b9f600fb3a1c94e3f4c53c78a222"
  integrity sha512-zA2SmoLaxZyArQTOPj5LXecR+RagfPSU5Kw1qP+jkWeNlrq+eJZyY2oS68SU1Z/7/myXM4lo9716laOFAVStCQ==

rimraf@^2.6.2:
  version "2.7.1"
  resolved "https://registry.yarnpkg.com/rimraf/-/rimraf-2.7.1.tgz#35797f13a7fdadc566142c29d4f07ccad483e3ec"
  integrity sha512-uWjbaKIK3T1OSVptzX7Nl6PvQ3qAGtKEtVRjRuazjfL3Bx5eI409VZSqgND+4UNnmzLVdPj9FqFJNPqBZFve4w==
  dependencies:
    glob "^7.1.3"

rimraf@^3.0.2:
  version "3.0.2"
  resolved "https://registry.yarnpkg.com/rimraf/-/rimraf-3.0.2.tgz#f1a5402ba6220ad52cc1282bac1ae3aa49fd061a"
  integrity sha512-JZkJMZkAGFFPP2YqXZXPbMlMBgsxzE8ILs4lMIX/2o0L9UBw9O/Y3o6wFw/i9YLapcUJWwqbi3kdxIPdC62TIA==
  dependencies:
    glob "^7.1.3"

rmfr@^2.0.0:
  version "2.0.0"
  resolved "https://registry.yarnpkg.com/rmfr/-/rmfr-2.0.0.tgz#8a42e81332550b3f0019b8fb8ab245bea81b6d1c"
  integrity sha512-nQptLCZeyyJfgbpf2x97k5YE8vzDn7bhwx9NlvODdhgbU0mL1ruh71X0HYdRaOEvWC7Cr+SfV0p5p+Ib5yOl7A==
  dependencies:
    assert-valid-glob-opts "^1.0.0"
    glob "^7.1.2"
    graceful-fs "^4.1.11"
    inspect-with-kind "^1.0.4"
    rimraf "^2.6.2"

source-map-support@^0.5.17:
  version "0.5.19"
  resolved "https://registry.yarnpkg.com/source-map-support/-/source-map-support-0.5.19.tgz#a98b62f86dcaf4f67399648c085291ab9e8fed61"
  integrity sha512-Wonm7zOCIJzBGQdB+thsPar0kYuCIzYvxZwlBa87yi/Mdjv7Tip2cyVbLj5o0cFPN4EVkuTwb3GDDyUx2DGnGw==
  dependencies:
    buffer-from "^1.0.0"
    source-map "^0.6.0"

source-map@^0.6.0:
  version "0.6.1"
  resolved "https://registry.yarnpkg.com/source-map/-/source-map-0.6.1.tgz#74722af32e9614e9c287a8d0bbde48b5e2f1a263"
  integrity sha512-UjgapumWlbMhkBgzT7Ykc5YXUT46F0iKu8SGXq0bcwP5dz/h0Plj6enJqjz1Zbq2l5WaqYnrVbwWOWMyF3F47g==

ssf@~0.11.2:
  version "0.11.2"
  resolved "https://registry.yarnpkg.com/ssf/-/ssf-0.11.2.tgz#0b99698b237548d088fc43cdf2b70c1a7512c06c"
  integrity sha512-+idbmIXoYET47hH+d7dfm2epdOMUDjqcB4648sTZ+t2JwoyBFL/insLfB/racrDmsKB3diwsDA696pZMieAC5g==
  dependencies:
    frac "~1.1.2"

string-similarity@^4.0.2:
  version "4.0.2"
  resolved "https://registry.yarnpkg.com/string-similarity/-/string-similarity-4.0.2.tgz#1dc29518d0e92e50509499ce2974368f77bbb1b1"
  integrity sha512-eCsPPyoQBgY4TMpVD6DVfO7pLrimUONriaO4Xjp3WPUW0YnNLqdHgRj23xotLlqrL90eJhBeq3zdAJf2mQgfBQ==

ts-node@^8.10.2:
  version "8.10.2"
  resolved "https://registry.yarnpkg.com/ts-node/-/ts-node-8.10.2.tgz#eee03764633b1234ddd37f8db9ec10b75ec7fb8d"
  integrity sha512-ISJJGgkIpDdBhWVu3jufsWpK3Rzo7bdiIXJjQc0ynKxVOVcg2oIrf2H2cejminGrptVc6q6/uynAHNCuWGbpVA==
  dependencies:
    arg "^4.1.0"
    diff "^4.0.1"
    make-error "^1.1.1"
    source-map-support "^0.5.17"
    yn "3.1.1"

tslib@^1.11.1:
  version "1.13.0"
  resolved "https://registry.yarnpkg.com/tslib/-/tslib-1.13.0.tgz#c881e13cc7015894ed914862d276436fa9a47043"
  integrity sha512-i/6DQjL8Xf3be4K/E6Wgpekn5Qasl1usyw++dAA35Ue5orEn65VIxOA+YvNNl9HV3qv70T7CNwjODHZrLwvd1Q==

typescript@^3.9.6:
  version "3.9.7"
  resolved "https://registry.yarnpkg.com/typescript/-/typescript-3.9.7.tgz#98d600a5ebdc38f40cb277522f12dc800e9e25fa"
  integrity sha512-BLbiRkiBzAwsjut4x/dsibSTB6yWpwT5qWmC2OfuCg3GgVQCSgMs4vEctYPhsaGtd0AeuuHMkjZ2h2WG8MSzRw==

validate-glob-opts@^1.0.0:
  version "1.0.2"
  resolved "https://registry.yarnpkg.com/validate-glob-opts/-/validate-glob-opts-1.0.2.tgz#ef9f98977d965537ea4f51fa7d5799e9c6ebca91"
  integrity sha512-3PKjRQq/R514lUcG9OEiW0u9f7D4fP09A07kmk1JbNn2tfeQdAHhlT+A4dqERXKu2br2rrxSM3FzagaEeq9w+A==
  dependencies:
    array-to-sentence "^1.1.0"
    indexed-filter "^1.0.0"
    inspect-with-kind "^1.0.4"
    is-plain-obj "^1.1.0"

wmf@~1.0.1:
  version "1.0.2"
  resolved "https://registry.yarnpkg.com/wmf/-/wmf-1.0.2.tgz#7d19d621071a08c2bdc6b7e688a9c435298cc2da"
  integrity sha512-/p9K7bEh0Dj6WbXg4JG0xvLQmIadrner1bi45VMJTfnbVHsc7yIajZyoSoK60/dtVBs12Fm6WkUI5/3WAVsNMw==

word@~0.3.0:
  version "0.3.0"
  resolved "https://registry.yarnpkg.com/word/-/word-0.3.0.tgz#8542157e4f8e849f4a363a288992d47612db9961"
  integrity sha512-OELeY0Q61OXpdUfTp+oweA/vtLVg5VDOXh+3he3PNzLGG/y0oylSOC1xRVj0+l4vQ3tj/bB1HVHv1ocXkQceFA==

wrappy@1:
  version "1.0.2"
  resolved "https://registry.yarnpkg.com/wrappy/-/wrappy-1.0.2.tgz#b5243d8f3ec1aa35f1364605bc0d1036e30ab69f"
  integrity sha1-tSQ9jz7BqjXxNkYFvA0QNuMKtp8=

xlsx@^0.17.0:
  version "0.17.0"
  resolved "https://registry.yarnpkg.com/xlsx/-/xlsx-0.17.0.tgz#028176a0140967dcee1817d221678461e47481c8"
  integrity sha512-bZ36FSACiAyjoldey1+7it50PMlDp1pcAJrZKcVZHzKd8BC/z6TQ/QAN8onuqcepifqSznR6uKnjPhaGt6ig9A==
  dependencies:
    adler-32 "~1.2.0"
    cfb "^1.1.4"
    codepage "~1.14.0"
    commander "~2.17.1"
    crc-32 "~1.2.0"
    exit-on-epipe "~1.0.1"
    fflate "^0.3.8"
    ssf "~0.11.2"
    wmf "~1.0.1"
    word "~0.3.0"

yn@3.1.1:
  version "3.1.1"
  resolved "https://registry.yarnpkg.com/yn/-/yn-3.1.1.tgz#1e87401a09d767c1d5eab26a6e4c185182d2eb50"
  integrity sha512-Ux4ygGWsu2c7isFWe8Yu1YluJmqVhxqK2cLXNQA5AcC3QfbGNpM7fu0Y8b/z16pXLnFxZYvWhd3fhBY9DLmC6Q==
